
Microsoft Visual Studio Solution File, Format Version 12.00
# Visual Studio Version 17
VisualStudioVersion = 17.1.32407.343
MinimumVisualStudioVersion = 10.0.40219.1
Project("{FAE04EC0-301F-11D3-BF4B-00C04F79EFBC}") = "11_08", "11_08\11_08.csproj", "{0849DCFF-1CB0-453B-A919-45DF9EFC1DBF}"
EndProject
Project("{FAE04EC0-301F-11D3-BF4B-00C04F79EFBC}") = "11_08Tests", "11_08Tests\11_08Tests.csproj", "{661090E4-2102-4D53-85B8-2E623D965AE9}"
EndProject
Global
	GlobalSection(SolutionConfigurationPlatforms) = preSolution
		Debug|Any CPU = Debug|Any CPU
		Release|Any CPU = Release|Any CPU
	EndGlobalSection
	GlobalSection(ProjectConfigurationPlatforms) = postSolution
		{0849DCFF-1CB0-453B-A919-45DF9EFC1DBF}.Debug|Any CPU.ActiveCfg = Debug|Any CPU
		{0849DCFF-1CB0-453B-A919-45DF9EFC1DBF}.Debug|Any CPU.Build.0 = Debug|Any CPU
		{0849DCFF-1CB0-453B-A919-45DF9EFC1DBF}.Release|Any CPU.ActiveCfg = Release|Any CPU
		{0849DCFF-1CB0-453B-A919-45DF9EFC1DBF}.Release|Any CPU.Build.0 = Release|Any CPU
		{661090E4-2102-4D53-85B8-2E623D965AE9}.Debug|Any CPU.ActiveCfg = Debug|Any CPU
		{661090E4-2102-4D53-85B8-2E623D965AE9}.Debug|Any CPU.Build.0 = Debug|Any CPU
		{661090E4-2102-4D53-85B8-2E623D965AE9}.Release|Any CPU.ActiveCfg = Release|Any CPU
		{661090E4-2102-4D53-85B8-2E623D965AE9}.Release|Any CPU.Build.0 = Release|Any CPU
	EndGlobalSection
	GlobalSection(SolutionProperties) = preSolution
		HideSolutionNode = FALSE
	EndGlobalSection
	GlobalSection(ExtensibilityGlobals) = postSolution
		SolutionGuid = {AD84D4CE-2F57-49AA-82F7-85B1F5D774FD}
	EndGlobalSection
EndGlobal
