
Microsoft Visual Studio Solution File, Format Version 12.00
# Visual Studio Version 17
VisualStudioVersion = 17.4.33122.133
MinimumVisualStudioVersion = 10.0.40219.1
Project("{FAE04EC0-301F-11D3-BF4B-00C04F79EFBC}") = "12_20", "12_20\12_20.csproj", "{460C5DA6-C57E-48ED-A3AF-EFB2CB07AAE4}"
EndProject
Global
	GlobalSection(SolutionConfigurationPlatforms) = preSolution
		Debug|Any CPU = Debug|Any CPU
		Release|Any CPU = Release|Any CPU
	EndGlobalSection
	GlobalSection(ProjectConfigurationPlatforms) = postSolution
		{460C5DA6-C57E-48ED-A3AF-EFB2CB07AAE4}.Debug|Any CPU.ActiveCfg = Debug|Any CPU
		{460C5DA6-C57E-48ED-A3AF-EFB2CB07AAE4}.Debug|Any CPU.Build.0 = Debug|Any CPU
		{460C5DA6-C57E-48ED-A3AF-EFB2CB07AAE4}.Release|Any CPU.ActiveCfg = Release|Any CPU
		{460C5DA6-C57E-48ED-A3AF-EFB2CB07AAE4}.Release|Any CPU.Build.0 = Release|Any CPU
	EndGlobalSection
	GlobalSection(SolutionProperties) = preSolution
		HideSolutionNode = FALSE
	EndGlobalSection
	GlobalSection(ExtensibilityGlobals) = postSolution
		SolutionGuid = {7DBC2BD7-D71D-4F24-9020-4DB6B9100EB7}
	EndGlobalSection
EndGlobal
