
Microsoft Visual Studio Solution File, Format Version 12.00
# Visual Studio Version 17
VisualStudioVersion = 17.1.32407.343
MinimumVisualStudioVersion = 10.0.40219.1
Project("{FAE04EC0-301F-11D3-BF4B-00C04F79EFBC}") = "10_18", "10_18\10_18.csproj", "{F8A01816-5795-4BC0-9C53-3DE3545F5190}"
EndProject
Global
	GlobalSection(SolutionConfigurationPlatforms) = preSolution
		Debug|Any CPU = Debug|Any CPU
		Release|Any CPU = Release|Any CPU
	EndGlobalSection
	GlobalSection(ProjectConfigurationPlatforms) = postSolution
		{F8A01816-5795-4BC0-9C53-3DE3545F5190}.Debug|Any CPU.ActiveCfg = Debug|Any CPU
		{F8A01816-5795-4BC0-9C53-3DE3545F5190}.Debug|Any CPU.Build.0 = Debug|Any CPU
		{F8A01816-5795-4BC0-9C53-3DE3545F5190}.Release|Any CPU.ActiveCfg = Release|Any CPU
		{F8A01816-5795-4BC0-9C53-3DE3545F5190}.Release|Any CPU.Build.0 = Release|Any CPU
	EndGlobalSection
	GlobalSection(SolutionProperties) = preSolution
		HideSolutionNode = FALSE
	EndGlobalSection
	GlobalSection(ExtensibilityGlobals) = postSolution
		SolutionGuid = {AA782239-7E7B-441E-8AFC-9DB5B82B7227}
	EndGlobalSection
EndGlobal
